{
  "name": "project",
  "lockfileVersion": 2,
  "requires": true,
  "packages": {
    "": {
      "dependencies": {
        "@herb-tools/client": "^0.10.1",
        "@herb-tools/dev-tools": "^0.10.1"
      }
    },
    "node_modules/@herb-tools/client": {
      "version": "0.10.1",
      "resolved": "https://registry.npmjs.org/@herb-tools/client/-/client-0.10.1.tgz",
      "integrity": "sha512-0z9TC/3nnC+AewdzBoKvC68ku5tBxA7SWRzbX0dTpdfaFEDvJwPXYvrGR+7iqT6rVoIlIylyK4QIllMDRM4JcA=="
    },
    "node_modules/@herb-tools/core": {
      "version": "0.10.1",
      "resolved": "https://registry.npmjs.org/@herb-tools/core/-/core-0.10.1.tgz",
      "integrity": "sha512-zFVhWGvqC7b5KHtp4LNlCt4ExLInuRZJxvcNp9kcHCAwnVux+EiXnJz8rsiiF8pU1z2gjq3w6q/g7ayjOetpAg=="
    },
    "node_modules/@herb-tools/dev-tools": {
      "version": "0.10.1",
      "resolved": "https://registry.npmjs.org/@herb-tools/dev-tools/-/dev-tools-0.10.1.tgz",
      "integrity": "sha512-l2U+3AePrW2mBwN7fFSSR/xCDppXfYqq2tlfAZwsV5jmFLYRnq34IfIhsrD2MLAv545WnqQZwVTTOVbPvNOr5A==",
      "dependencies": {
        "@herb-tools/core": "0.10.1"
      }
    }
  },
  "dependencies": {
    "@herb-tools/client": {
      "version": "0.10.1",
      "resolved": "https://registry.npmjs.org/@herb-tools/client/-/client-0.10.1.tgz",
      "integrity": "sha512-0z9TC/3nnC+AewdzBoKvC68ku5tBxA7SWRzbX0dTpdfaFEDvJwPXYvrGR+7iqT6rVoIlIylyK4QIllMDRM4JcA=="
    },
    "@herb-tools/core": {
      "version": "0.10.1",
      "resolved": "https://registry.npmjs.org/@herb-tools/core/-/core-0.10.1.tgz",
      "integrity": "sha512-zFVhWGvqC7b5KHtp4LNlCt4ExLInuRZJxvcNp9kcHCAwnVux+EiXnJz8rsiiF8pU1z2gjq3w6q/g7ayjOetpAg=="
    },
    "@herb-tools/dev-tools": {
      "version": "0.10.1",
      "resolved": "https://registry.npmjs.org/@herb-tools/dev-tools/-/dev-tools-0.10.1.tgz",
      "integrity": "sha512-l2U+3AePrW2mBwN7fFSSR/xCDppXfYqq2tlfAZwsV5jmFLYRnq34IfIhsrD2MLAv545WnqQZwVTTOVbPvNOr5A==",
      "requires": {
        "@herb-tools/core": "0.10.1"
      }
    }
  }
}
